// !$*UTF8*$!
{
	archiveVersion = 1;
	classes = {
	};
	objectVersion = 56;
	objects = {

/* Begin PBXBuildFile section */
		943C60C829F069DA003A65F6 /* GBShopApp.swift in Sources */ = {isa = PBXBuildFile; fileRef = 943C60C729F069DA003A65F6 /* GBShopApp.swift */; };
		943C60CA29F069DA003A65F6 /* ContentView.swift in Sources */ = {isa = PBXBuildFile; fileRef = 943C60C929F069DA003A65F6 /* ContentView.swift */; };
		943C60CC29F069DE003A65F6 /* Assets.xcassets in Resources */ = {isa = PBXBuildFile; fileRef = 943C60CB29F069DE003A65F6 /* Assets.xcassets */; };
		943C60CF29F069DE003A65F6 /* Preview Assets.xcassets in Resources */ = {isa = PBXBuildFile; fileRef = 943C60CE29F069DE003A65F6 /* Preview Assets.xcassets */; };
		943C60D929F069DF003A65F6 /* GBShopTests.swift in Sources */ = {isa = PBXBuildFile; fileRef = 943C60D829F069DF003A65F6 /* GBShopTests.swift */; };
		943C60E329F069DF003A65F6 /* GBShopUITests.swift in Sources */ = {isa = PBXBuildFile; fileRef = 943C60E229F069DF003A65F6 /* GBShopUITests.swift */; };
		943C60E529F069DF003A65F6 /* GBShopUITestsLaunchTests.swift in Sources */ = {isa = PBXBuildFile; fileRef = 943C60E429F069DF003A65F6 /* GBShopUITestsLaunchTests.swift */; };
		943CDBC129FD21D2009024CA /* SignUp.swift in Sources */ = {isa = PBXBuildFile; fileRef = 943CDBC029FD21D2009024CA /* SignUp.swift */; };
		943CDBC329FD21FB009024CA /* LogOut.swift in Sources */ = {isa = PBXBuildFile; fileRef = 943CDBC229FD21FB009024CA /* LogOut.swift */; };
		943CDBC529FD221E009024CA /* ChangeData.swift in Sources */ = {isa = PBXBuildFile; fileRef = 943CDBC429FD221E009024CA /* ChangeData.swift */; };
		943CDBC729FD851E009024CA /* ListOfProducts.swift in Sources */ = {isa = PBXBuildFile; fileRef = 943CDBC629FD851E009024CA /* ListOfProducts.swift */; };
		943CDBC929FD852A009024CA /* ProductModel.swift in Sources */ = {isa = PBXBuildFile; fileRef = 943CDBC829FD852A009024CA /* ProductModel.swift */; };
		944B99F229F43CD8005C42F7 /* SignIn.swift in Sources */ = {isa = PBXBuildFile; fileRef = 944B99F129F43CD8005C42F7 /* SignIn.swift */; };
		94ABBFA02A24D85B00612E3F /* LoginResult.swift in Sources */ = {isa = PBXBuildFile; fileRef = 94ABBF9F2A24D85B00612E3F /* LoginResult.swift */; };
		94ABBFA22A24D88000612E3F /* User.swift in Sources */ = {isa = PBXBuildFile; fileRef = 94ABBFA12A24D88000612E3F /* User.swift */; };
/* End PBXBuildFile section */

/* Begin PBXContainerItemProxy section */
		943C60D529F069DF003A65F6 /* PBXContainerItemProxy */ = {
			isa = PBXContainerItemProxy;
			containerPortal = 943C60BC29F069D9003A65F6 /* Project object */;
			proxyType = 1;
			remoteGlobalIDString = 943C60C329F069DA003A65F6;
			remoteInfo = GBShop;
		};
		943C60DF29F069DF003A65F6 /* PBXContainerItemProxy */ = {
			isa = PBXContainerItemProxy;
			containerPortal = 943C60BC29F069D9003A65F6 /* Project object */;
			proxyType = 1;
			remoteGlobalIDString = 943C60C329F069DA003A65F6;
			remoteInfo = GBShop;
		};
/* End PBXContainerItemProxy section */

/* Begin PBXFileReference section */
		943C60C429F069DA003A65F6 /* GBShop.app */ = {isa = PBXFileReference; explicitFileType = wrapper.application; includeInIndex = 0; path = GBShop.app; sourceTree = BUILT_PRODUCTS_DIR; };
		943C60C729F069DA003A65F6 /* GBShopApp.swift */ = {isa = PBXFileReference; lastKnownFileType = sourcecode.swift; path = GBShopApp.swift; sourceTree = "<group>"; };
		943C60C929F069DA003A65F6 /* ContentView.swift */ = {isa = PBXFileReference; lastKnownFileType = sourcecode.swift; path = ContentView.swift; sourceTree = "<group>"; };
		943C60CB29F069DE003A65F6 /* Assets.xcassets */ = {isa = PBXFileReference; lastKnownFileType = folder.assetcatalog; path = Assets.xcassets; sourceTree = "<group>"; };
		943C60CE29F069DE003A65F6 /* Preview Assets.xcassets */ = {isa = PBXFileReference; lastKnownFileType = folder.assetcatalog; path = "Preview Assets.xcassets"; sourceTree = "<group>"; };
		943C60D429F069DF003A65F6 /* GBShopTests.xctest */ = {isa = PBXFileReference; explicitFileType = wrapper.cfbundle; includeInIndex = 0; path = GBShopTests.xctest; sourceTree = BUILT_PRODUCTS_DIR; };
		943C60D829F069DF003A65F6 /* GBShopTests.swift */ = {isa = PBXFileReference; lastKnownFileType = sourcecode.swift; path = GBShopTests.swift; sourceTree = "<group>"; };
		943C60DE29F069DF003A65F6 /* GBShopUITests.xctest */ = {isa = PBXFileReference; explicitFileType = wrapper.cfbundle; includeInIndex = 0; path = GBShopUITests.xctest; sourceTree = BUILT_PRODUCTS_DIR; };
		943C60E229F069DF003A65F6 /* GBShopUITests.swift */ = {isa = PBXFileReference; lastKnownFileType = sourcecode.swift; path = GBShopUITests.swift; sourceTree = "<group>"; };
		943C60E429F069DF003A65F6 /* GBShopUITestsLaunchTests.swift */ = {isa = PBXFileReference; lastKnownFileType = sourcecode.swift; path = GBShopUITestsLaunchTests.swift; sourceTree = "<group>"; };
		943CDBC029FD21D2009024CA /* SignUp.swift */ = {isa = PBXFileReference; lastKnownFileType = sourcecode.swift; path = SignUp.swift; sourceTree = "<group>"; };
		943CDBC229FD21FB009024CA /* LogOut.swift */ = {isa = PBXFileReference; lastKnownFileType = sourcecode.swift; path = LogOut.swift; sourceTree = "<group>"; };
		943CDBC429FD221E009024CA /* ChangeData.swift */ = {isa = PBXFileReference; lastKnownFileType = sourcecode.swift; path = ChangeData.swift; sourceTree = "<group>"; };
		943CDBC629FD851E009024CA /* ListOfProducts.swift */ = {isa = PBXFileReference; lastKnownFileType = sourcecode.swift; path = ListOfProducts.swift; sourceTree = "<group>"; };
		943CDBC829FD852A009024CA /* ProductModel.swift */ = {isa = PBXFileReference; lastKnownFileType = sourcecode.swift; path = ProductModel.swift; sourceTree = "<group>"; };
		944B99F129F43CD8005C42F7 /* SignIn.swift */ = {isa = PBXFileReference; lastKnownFileType = sourcecode.swift; path = SignIn.swift; sourceTree = "<group>"; };
		94ABBF9F2A24D85B00612E3F /* LoginResult.swift */ = {isa = PBXFileReference; lastKnownFileType = sourcecode.swift; path = LoginResult.swift; sourceTree = "<group>"; };
		94ABBFA12A24D88000612E3F /* User.swift */ = {isa = PBXFileReference; lastKnownFileType = sourcecode.swift; path = User.swift; sourceTree = "<group>"; };
/* End PBXFileReference section */

/* Begin PBXFrameworksBuildPhase section */
		943C60C129F069DA003A65F6 /* Frameworks */ = {
			isa = PBXFrameworksBuildPhase;
			buildActionMask = 2147483647;
			files = (
			);
			runOnlyForDeploymentPostprocessing = 0;
		};
		943C60D129F069DF003A65F6 /* Frameworks */ = {
			isa = PBXFrameworksBuildPhase;
			buildActionMask = 2147483647;
			files = (
			);
			runOnlyForDeploymentPostprocessing = 0;
		};
		943C60DB29F069DF003A65F6 /* Frameworks */ = {
			isa = PBXFrameworksBuildPhase;
			buildActionMask = 2147483647;
			files = (
			);
			runOnlyForDeploymentPostprocessing = 0;
		};
/* End PBXFrameworksBuildPhase section */

/* Begin PBXGroup section */
		943C60BB29F069D9003A65F6 = {
			isa = PBXGroup;
			children = (
				943C60C629F069DA003A65F6 /* GBShop */,
				943C60D729F069DF003A65F6 /* GBShopTests */,
				943C60E129F069DF003A65F6 /* GBShopUITests */,
				943C60C529F069DA003A65F6 /* Products */,
			);
			sourceTree = "<group>";
		};
		943C60C529F069DA003A65F6 /* Products */ = {
			isa = PBXGroup;
			children = (
				943C60C429F069DA003A65F6 /* GBShop.app */,
				943C60D429F069DF003A65F6 /* GBShopTests.xctest */,
				943C60DE29F069DF003A65F6 /* GBShopUITests.xctest */,
			);
			name = Products;
			sourceTree = "<group>";
		};
		943C60C629F069DA003A65F6 /* GBShop */ = {
			isa = PBXGroup;
			children = (
				943C60CD29F069DE003A65F6 /* Preview Content */,
				9491859C29F07406005C94CE /* App */,
				949185A129F074A1005C94CE /* Core */,
				949185A229F074B4005C94CE /* Resources */,
				949185A329F074C7005C94CE /* Environments */,
			);
			path = GBShop;
			sourceTree = "<group>";
		};
		943C60CD29F069DE003A65F6 /* Preview Content */ = {
			isa = PBXGroup;
			children = (
				943C60CE29F069DE003A65F6 /* Preview Assets.xcassets */,
			);
			name = "Preview Content";
			path = "Resources/Preview Content";
			sourceTree = "<group>";
		};
		943C60D729F069DF003A65F6 /* GBShopTests */ = {
			isa = PBXGroup;
			children = (
				943C60D829F069DF003A65F6 /* GBShopTests.swift */,
			);
			path = GBShopTests;
			sourceTree = "<group>";
		};
		943C60E129F069DF003A65F6 /* GBShopUITests */ = {
			isa = PBXGroup;
			children = (
				943C60E229F069DF003A65F6 /* GBShopUITests.swift */,
				943C60E429F069DF003A65F6 /* GBShopUITestsLaunchTests.swift */,
			);
			path = GBShopUITests;
			sourceTree = "<group>";
		};
		9491859C29F07406005C94CE /* App */ = {
			isa = PBXGroup;
			children = (
				9491859D29F07427005C94CE /* BussinessLogic */,
				9491859E29F07451005C94CE /* Entity */,
				9491859F29F07462005C94CE /* Assembly */,
				949185A029F07477005C94CE /* Flows */,
			);
			path = App;
			sourceTree = "<group>";
		};
		9491859D29F07427005C94CE /* BussinessLogic */ = {
			isa = PBXGroup;
			children = (
				94ABBFA32A24D8A100612E3F /* Network */,
			);
			path = BussinessLogic;
			sourceTree = "<group>";
		};
		9491859E29F07451005C94CE /* Entity */ = {
			isa = PBXGroup;
			children = (
				94ABBF9F2A24D85B00612E3F /* LoginResult.swift */,
				94ABBFA12A24D88000612E3F /* User.swift */,
			);
			path = Entity;
			sourceTree = "<group>";
		};
		9491859F29F07462005C94CE /* Assembly */ = {
			isa = PBXGroup;
			children = (
			);
			path = Assembly;
			sourceTree = "<group>";
		};
		949185A029F07477005C94CE /* Flows */ = {
			isa = PBXGroup;
			children = (
				943C60C729F069DA003A65F6 /* GBShopApp.swift */,
				943C60C929F069DA003A65F6 /* ContentView.swift */,
			);
			path = Flows;
			sourceTree = "<group>";
		};
		949185A129F074A1005C94CE /* Core */ = {
			isa = PBXGroup;
			children = (
			);
			path = Core;
			sourceTree = "<group>";
		};
		949185A229F074B4005C94CE /* Resources */ = {
			isa = PBXGroup;
			children = (
				943C60CB29F069DE003A65F6 /* Assets.xcassets */,
			);
			path = Resources;
			sourceTree = "<group>";
		};
		949185A329F074C7005C94CE /* Environments */ = {
			isa = PBXGroup;
			children = (
			);
			path = Environments;
			sourceTree = "<group>";
		};
		94ABBFA32A24D8A100612E3F /* Network */ = {
			isa = PBXGroup;
			children = (
				944B99F129F43CD8005C42F7 /* SignIn.swift */,
				943CDBC029FD21D2009024CA /* SignUp.swift */,
				943CDBC229FD21FB009024CA /* LogOut.swift */,
				943CDBC429FD221E009024CA /* ChangeData.swift */,
				943CDBC629FD851E009024CA /* ListOfProducts.swift */,
				943CDBC829FD852A009024CA /* ProductModel.swift */,
			);
			path = Network;
			sourceTree = "<group>";
		};
/* End PBXGroup section */

/* Begin PBXNativeTarget section */
		943C60C329F069DA003A65F6 /* GBShop */ = {
			isa = PBXNativeTarget;
			buildConfigurationList = 943C60E829F069DF003A65F6 /* Build configuration list for PBXNativeTarget "GBShop" */;
			buildPhases = (
				943C60C029F069DA003A65F6 /* Sources */,
				943C60C129F069DA003A65F6 /* Frameworks */,
				943C60C229F069DA003A65F6 /* Resources */,
			);
			buildRules = (
			);
			dependencies = (
			);
			name = GBShop;
			productName = GBShop;
			productReference = 943C60C429F069DA003A65F6 /* GBShop.app */;
			productType = "com.apple.product-type.application";
		};
		943C60D329F069DF003A65F6 /* GBShopTests */ = {
			isa = PBXNativeTarget;
			buildConfigurationList = 943C60EB29F069DF003A65F6 /* Build configuration list for PBXNativeTarget "GBShopTests" */;
			buildPhases = (
				943C60D029F069DF003A65F6 /* Sources */,
				943C60D129F069DF003A65F6 /* Frameworks */,
				943C60D229F069DF003A65F6 /* Resources */,
			);
			buildRules = (
			);
			dependencies = (
				943C60D629F069DF003A65F6 /* PBXTargetDependency */,
			);
			name = GBShopTests;
			productName = GBShopTests;
			productReference = 943C60D429F069DF003A65F6 /* GBShopTests.xctest */;
			productType = "com.apple.product-type.bundle.unit-test";
		};
		943C60DD29F069DF003A65F6 /* GBShopUITests */ = {
			isa = PBXNativeTarget;
			buildConfigurationList = 943C60EE29F069DF003A65F6 /* Build configuration list for PBXNativeTarget "GBShopUITests" */;
			buildPhases = (
				943C60DA29F069DF003A65F6 /* Sources */,
				943C60DB29F069DF003A65F6 /* Frameworks */,
				943C60DC29F069DF003A65F6 /* Resources */,
			);
			buildRules = (
			);
			dependencies = (
				943C60E029F069DF003A65F6 /* PBXTargetDependency */,
			);
			name = GBShopUITests;
			productName = GBShopUITests;
			productReference = 943C60DE29F069DF003A65F6 /* GBShopUITests.xctest */;
			productType = "com.apple.product-type.bundle.ui-testing";
		};
/* End PBXNativeTarget section */

/* Begin PBXProject section */
		943C60BC29F069D9003A65F6 /* Project object */ = {
			isa = PBXProject;
			attributes = {
				BuildIndependentTargetsInParallel = 1;
				LastSwiftUpdateCheck = 1430;
				LastUpgradeCheck = 1430;
				TargetAttributes = {
					943C60C329F069DA003A65F6 = {
						CreatedOnToolsVersion = 14.3;
					};
					943C60D329F069DF003A65F6 = {
						CreatedOnToolsVersion = 14.3;
						TestTargetID = 943C60C329F069DA003A65F6;
					};
					943C60DD29F069DF003A65F6 = {
						CreatedOnToolsVersion = 14.3;
						TestTargetID = 943C60C329F069DA003A65F6;
					};
				};
			};
			buildConfigurationList = 943C60BF29F069D9003A65F6 /* Build configuration list for PBXProject "GBShop" */;
			compatibilityVersion = "Xcode 14.0";
			developmentRegion = en;
			hasScannedForEncodings = 0;
			knownRegions = (
				en,
				Base,
			);
			mainGroup = 943C60BB29F069D9003A65F6;
			productRefGroup = 943C60C529F069DA003A65F6 /* Products */;
			projectDirPath = "";
			projectRoot = "";
			targets = (
				943C60C329F069DA003A65F6 /* GBShop */,
				943C60D329F069DF003A65F6 /* GBShopTests */,
				943C60DD29F069DF003A65F6 /* GBShopUITests */,
			);
		};
/* End PBXProject section */

/* Begin PBXResourcesBuildPhase section */
		943C60C229F069DA003A65F6 /* Resources */ = {
			isa = PBXResourcesBuildPhase;
			buildActionMask = 2147483647;
			files = (
				943C60CF29F069DE003A65F6 /* Preview Assets.xcassets in Resources */,
				943C60CC29F069DE003A65F6 /* Assets.xcassets in Resources */,
			);
			runOnlyForDeploymentPostprocessing = 0;
		};
		943C60D229F069DF003A65F6 /* Resources */ = {
			isa = PBXResourcesBuildPhase;
			buildActionMask = 2147483647;
			files = (
			);
			runOnlyForDeploymentPostprocessing = 0;
		};
		943C60DC29F069DF003A65F6 /* Resources */ = {
			isa = PBXResourcesBuildPhase;
			buildActionMask = 2147483647;
			files = (
			);
			runOnlyForDeploymentPostprocessing = 0;
		};
/* End PBXResourcesBuildPhase section */

/* Begin PBXSourcesBuildPhase section */
		943C60C029F069DA003A65F6 /* Sources */ = {
			isa = PBXSourcesBuildPhase;
			buildActionMask = 2147483647;
			files = (
				943CDBC329FD21FB009024CA /* LogOut.swift in Sources */,
				943CDBC529FD221E009024CA /* ChangeData.swift in Sources */,
				943C60CA29F069DA003A65F6 /* ContentView.swift in Sources */,
				943CDBC129FD21D2009024CA /* SignUp.swift in Sources */,
				944B99F229F43CD8005C42F7 /* SignIn.swift in Sources */,
				943CDBC729FD851E009024CA /* ListOfProducts.swift in Sources */,
				94ABBFA02A24D85B00612E3F /* LoginResult.swift in Sources */,
				943C60C829F069DA003A65F6 /* GBShopApp.swift in Sources */,
				94ABBFA22A24D88000612E3F /* User.swift in Sources */,
				943CDBC929FD852A009024CA /* ProductModel.swift in Sources */,
			);
			runOnlyForDeploymentPostprocessing = 0;
		};
		943C60D029F069DF003A65F6 /* Sources */ = {
			isa = PBXSourcesBuildPhase;
			buildActionMask = 2147483647;
			files = (
				943C60D929F069DF003A65F6 /* GBShopTests.swift in Sources */,
			);
			runOnlyForDeploymentPostprocessing = 0;
		};
		943C60DA29F069DF003A65F6 /* Sources */ = {
			isa = PBXSourcesBuildPhase;
			buildActionMask = 2147483647;
			files = (
				943C60E329F069DF003A65F6 /* GBShopUITests.swift in Sources */,
				943C60E529F069DF003A65F6 /* GBShopUITestsLaunchTests.swift in Sources */,
			);
			runOnlyForDeploymentPostprocessing = 0;
		};
/* End PBXSourcesBuildPhase section */

/* Begin PBXTargetDependency section */
		943C60D629F069DF003A65F6 /* PBXTargetDependency */ = {
			isa = PBXTargetDependency;
			target = 943C60C329F069DA003A65F6 /* GBShop */;
			targetProxy = 943C60D529F069DF003A65F6 /* PBXContainerItemProxy */;
		};
		943C60E029F069DF003A65F6 /* PBXTargetDependency */ = {
			isa = PBXTargetDependency;
			target = 943C60C329F069DA003A65F6 /* GBShop */;
			targetProxy = 943C60DF29F069DF003A65F6 /* PBXContainerItemProxy */;
		};
/* End PBXTargetDependency section */

/* Begin XCBuildConfiguration section */
		943C60E629F069DF003A65F6 /* Debug */ = {
			isa = XCBuildConfiguration;
			buildSettings = {
				ALWAYS_SEARCH_USER_PATHS = NO;
				CLANG_ANALYZER_NONNULL = YES;
				CLANG_ANALYZER_NUMBER_OBJECT_CONVERSION = YES_AGGRESSIVE;
				CLANG_CXX_LANGUAGE_STANDARD = "gnu++20";
				CLANG_ENABLE_MODULES = YES;
				CLANG_ENABLE_OBJC_ARC = YES;
				CLANG_ENABLE_OBJC_WEAK = YES;
				CLANG_WARN_BLOCK_CAPTURE_AUTORELEASING = YES;
				CLANG_WARN_BOOL_CONVERSION = YES;
				CLANG_WARN_COMMA = YES;
				CLANG_WARN_CONSTANT_CONVERSION = YES;
				CLANG_WARN_DEPRECATED_OBJC_IMPLEMENTATIONS = YES;
				CLANG_WARN_DIRECT_OBJC_ISA_USAGE = YES_ERROR;
				CLANG_WARN_DOCUMENTATION_COMMENTS = YES;
				CLANG_WARN_EMPTY_BODY = YES;
				CLANG_WARN_ENUM_CONVERSION = YES;
				CLANG_WARN_INFINITE_RECURSION = YES;
				CLANG_WARN_INT_CONVERSION = YES;
				CLANG_WARN_NON_LITERAL_NULL_CONVERSION = YES;
				CLANG_WARN_OBJC_IMPLICIT_RETAIN_SELF = YES;
				CLANG_WARN_OBJC_LITERAL_CONVERSION = YES;
				CLANG_WARN_OBJC_ROOT_CLASS = YES_ERROR;
				CLANG_WARN_QUOTED_INCLUDE_IN_FRAMEWORK_HEADER = YES;
				CLANG_WARN_RANGE_LOOP_ANALYSIS = YES;
				CLANG_WARN_STRICT_PROTOTYPES = YES;
				CLANG_WARN_SUSPICIOUS_MOVE = YES;
				CLANG_WARN_UNGUARDED_AVAILABILITY = YES_AGGRESSIVE;
				CLANG_WARN_UNREACHABLE_CODE = YES;
				CLANG_WARN__DUPLICATE_METHOD_MATCH = YES;
				COPY_PHASE_STRIP = NO;
				DEBUG_INFORMATION_FORMAT = dwarf;
				ENABLE_STRICT_OBJC_MSGSEND = YES;
				ENABLE_TESTABILITY = YES;
				GCC_C_LANGUAGE_STANDARD = gnu11;
				GCC_DYNAMIC_NO_PIC = NO;
				GCC_NO_COMMON_BLOCKS = YES;
				GCC_OPTIMIZATION_LEVEL = 0;
				GCC_PREPROCESSOR_DEFINITIONS = (
					"DEBUG=1",
					"$(inherited)",
				);
				GCC_WARN_64_TO_32_BIT_CONVERSION = YES;
				GCC_WARN_ABOUT_RETURN_TYPE = YES_ERROR;
				GCC_WARN_UNDECLARED_SELECTOR = YES;
				GCC_WARN_UNINITIALIZED_AUTOS = YES_AGGRESSIVE;
				GCC_WARN_UNUSED_FUNCTION = YES;
				GCC_WARN_UNUSED_VARIABLE = YES;
				IPHONEOS_DEPLOYMENT_TARGET = 16.4;
				MTL_ENABLE_DEBUG_INFO = INCLUDE_SOURCE;
				MTL_FAST_MATH = YES;
				ONLY_ACTIVE_ARCH = YES;
				SDKROOT = iphoneos;
				SWIFT_ACTIVE_COMPILATION_CONDITIONS = DEBUG;
				SWIFT_OPTIMIZATION_LEVEL = "-Onone";
			};
			name = Debug;
		};
		943C60E729F069DF003A65F6 /* Release */ = {
			isa = XCBuildConfiguration;
			buildSettings = {
				ALWAYS_SEARCH_USER_PATHS = NO;
				CLANG_ANALYZER_NONNULL = YES;
				CLANG_ANALYZER_NUMBER_OBJECT_CONVERSION = YES_AGGRESSIVE;
				CLANG_CXX_LANGUAGE_STANDARD = "gnu++20";
				CLANG_ENABLE_MODULES = YES;
				CLANG_ENABLE_OBJC_ARC = YES;
				CLANG_ENABLE_OBJC_WEAK = YES;
				CLANG_WARN_BLOCK_CAPTURE_AUTORELEASING = YES;
				CLANG_WARN_BOOL_CONVERSION = YES;
				CLANG_WARN_COMMA = YES;
				CLANG_WARN_CONSTANT_CONVERSION = YES;
				CLANG_WARN_DEPRECATED_OBJC_IMPLEMENTATIONS = YES;
				CLANG_WARN_DIRECT_OBJC_ISA_USAGE = YES_ERROR;
				CLANG_WARN_DOCUMENTATION_COMMENTS = YES;
				CLANG_WARN_EMPTY_BODY = YES;
				CLANG_WARN_ENUM_CONVERSION = YES;
				CLANG_WARN_INFINITE_RECURSION = YES;
				CLANG_WARN_INT_CONVERSION = YES;
				CLANG_WARN_NON_LITERAL_NULL_CONVERSION = YES;
				CLANG_WARN_OBJC_IMPLICIT_RETAIN_SELF = YES;
				CLANG_WARN_OBJC_LITERAL_CONVERSION = YES;
				CLANG_WARN_OBJC_ROOT_CLASS = YES_ERROR;
				CLANG_WARN_QUOTED_INCLUDE_IN_FRAMEWORK_HEADER = YES;
				CLANG_WARN_RANGE_LOOP_ANALYSIS = YES;
				CLANG_WARN_STRICT_PROTOTYPES = YES;
				CLANG_WARN_SUSPICIOUS_MOVE = YES;
				CLANG_WARN_UNGUARDED_AVAILABILITY = YES_AGGRESSIVE;
				CLANG_WARN_UNREACHABLE_CODE = YES;
				CLANG_WARN__DUPLICATE_METHOD_MATCH = YES;
				COPY_PHASE_STRIP = NO;
				DEBUG_INFORMATION_FORMAT = "dwarf-with-dsym";
				ENABLE_NS_ASSERTIONS = NO;
				ENABLE_STRICT_OBJC_MSGSEND = YES;
				GCC_C_LANGUAGE_STANDARD = gnu11;
				GCC_NO_COMMON_BLOCKS = YES;
				GCC_WARN_64_TO_32_BIT_CONVERSION = YES;
				GCC_WARN_ABOUT_RETURN_TYPE = YES_ERROR;
				GCC_WARN_UNDECLARED_SELECTOR = YES;
				GCC_WARN_UNINITIALIZED_AUTOS = YES_AGGRESSIVE;
				GCC_WARN_UNUSED_FUNCTION = YES;
				GCC_WARN_UNUSED_VARIABLE = YES;
				IPHONEOS_DEPLOYMENT_TARGET = 16.4;
				MTL_ENABLE_DEBUG_INFO = NO;
				MTL_FAST_MATH = YES;
				SDKROOT = iphoneos;
				SWIFT_COMPILATION_MODE = wholemodule;
				SWIFT_OPTIMIZATION_LEVEL = "-O";
				VALIDATE_PRODUCT = YES;
			};
			name = Release;
		};
		943C60E929F069DF003A65F6 /* Debug */ = {
			isa = XCBuildConfiguration;
			buildSettings = {
				ASSETCATALOG_COMPILER_APPICON_NAME = AppIcon;
				ASSETCATALOG_COMPILER_GLOBAL_ACCENT_COLOR_NAME = AccentColor;
				CODE_SIGN_STYLE = Automatic;
				CURRENT_PROJECT_VERSION = 1;
				DEVELOPMENT_ASSET_PATHS = "\"GBShop/Preview Content\"";
				DEVELOPMENT_TEAM = CQKW5SV7PX;
				ENABLE_PREVIEWS = YES;
				GENERATE_INFOPLIST_FILE = YES;
				INFOPLIST_KEY_UIApplicationSceneManifest_Generation = YES;
				INFOPLIST_KEY_UIApplicationSupportsIndirectInputEvents = YES;
				INFOPLIST_KEY_UILaunchScreen_Generation = YES;
				INFOPLIST_KEY_UISupportedInterfaceOrientations_iPad = "UIInterfaceOrientationPortrait UIInterfaceOrientationPortraitUpsideDown UIInterfaceOrientationLandscapeLeft UIInterfaceOrientationLandscapeRight";
				INFOPLIST_KEY_UISupportedInterfaceOrientations_iPhone = "UIInterfaceOrientationPortrait UIInterfaceOrientationLandscapeLeft UIInterfaceOrientationLandscapeRight";
				LD_RUNPATH_SEARCH_PATHS = (
					"$(inherited)",
					"@executable_path/Frameworks",
				);
				MARKETING_VERSION = 1.0;
				PRODUCT_BUNDLE_IDENTIFIER = adm.GBShop;
				PRODUCT_NAME = "$(TARGET_NAME)";
				SWIFT_EMIT_LOC_STRINGS = YES;
				SWIFT_VERSION = 5.0;
				TARGETED_DEVICE_FAMILY = "1,2";
			};
			name = Debug;
		};
		943C60EA29F069DF003A65F6 /* Release */ = {
			isa = XCBuildConfiguration;
			buildSettings = {
				ASSETCATALOG_COMPILER_APPICON_NAME = AppIcon;
				ASSETCATALOG_COMPILER_GLOBAL_ACCENT_COLOR_NAME = AccentColor;
				CODE_SIGN_STYLE = Automatic;
				CURRENT_PROJECT_VERSION = 1;
				DEVELOPMENT_ASSET_PATHS = "\"GBShop/Preview Content\"";
				DEVELOPMENT_TEAM = CQKW5SV7PX;
				ENABLE_PREVIEWS = YES;
				GENERATE_INFOPLIST_FILE = YES;
				INFOPLIST_KEY_UIApplicationSceneManifest_Generation = YES;
				INFOPLIST_KEY_UIApplicationSupportsIndirectInputEvents = YES;
				INFOPLIST_KEY_UILaunchScreen_Generation = YES;
				INFOPLIST_KEY_UISupportedInterfaceOrientations_iPad = "UIInterfaceOrientationPortrait UIInterfaceOrientationPortraitUpsideDown UIInterfaceOrientationLandscapeLeft UIInterfaceOrientationLandscapeRight";
				INFOPLIST_KEY_UISupportedInterfaceOrientations_iPhone = "UIInterfaceOrientationPortrait UIInterfaceOrientationLandscapeLeft UIInterfaceOrientationLandscapeRight";
				LD_RUNPATH_SEARCH_PATHS = (
					"$(inherited)",
					"@executable_path/Frameworks",
				);
				MARKETING_VERSION = 1.0;
				PRODUCT_BUNDLE_IDENTIFIER = adm.GBShop;
				PRODUCT_NAME = "$(TARGET_NAME)";
				SWIFT_EMIT_LOC_STRINGS = YES;
				SWIFT_VERSION = 5.0;
				TARGETED_DEVICE_FAMILY = "1,2";
			};
			name = Release;
		};
		943C60EC29F069DF003A65F6 /* Debug */ = {
			isa = XCBuildConfiguration;
			buildSettings = {
				ALWAYS_EMBED_SWIFT_STANDARD_LIBRARIES = YES;
				BUNDLE_LOADER = "$(TEST_HOST)";
				CODE_SIGN_STYLE = Automatic;
				CURRENT_PROJECT_VERSION = 1;
				DEVELOPMENT_TEAM = CQKW5SV7PX;
				GENERATE_INFOPLIST_FILE = YES;
				IPHONEOS_DEPLOYMENT_TARGET = 16.4;
				MARKETING_VERSION = 1.0;
				PRODUCT_BUNDLE_IDENTIFIER = adm.GBShopTests;
				PRODUCT_NAME = "$(TARGET_NAME)";
				SWIFT_EMIT_LOC_STRINGS = NO;
				SWIFT_VERSION = 5.0;
				TARGETED_DEVICE_FAMILY = "1,2";
				TEST_HOST = "$(BUILT_PRODUCTS_DIR)/GBShop.app/$(BUNDLE_EXECUTABLE_FOLDER_PATH)/GBShop";
			};
			name = Debug;
		};
		943C60ED29F069DF003A65F6 /* Release */ = {
			isa = XCBuildConfiguration;
			buildSettings = {
				ALWAYS_EMBED_SWIFT_STANDARD_LIBRARIES = YES;
				BUNDLE_LOADER = "$(TEST_HOST)";
				CODE_SIGN_STYLE = Automatic;
				CURRENT_PROJECT_VERSION = 1;
				DEVELOPMENT_TEAM = CQKW5SV7PX;
				GENERATE_INFOPLIST_FILE = YES;
				IPHONEOS_DEPLOYMENT_TARGET = 16.4;
				MARKETING_VERSION = 1.0;
				PRODUCT_BUNDLE_IDENTIFIER = adm.GBShopTests;
				PRODUCT_NAME = "$(TARGET_NAME)";
				SWIFT_EMIT_LOC_STRINGS = NO;
				SWIFT_VERSION = 5.0;
				TARGETED_DEVICE_FAMILY = "1,2";
				TEST_HOST = "$(BUILT_PRODUCTS_DIR)/GBShop.app/$(BUNDLE_EXECUTABLE_FOLDER_PATH)/GBShop";
			};
			name = Release;
		};
		943C60EF29F069DF003A65F6 /* Debug */ = {
			isa = XCBuildConfiguration;
			buildSettings = {
				ALWAYS_EMBED_SWIFT_STANDARD_LIBRARIES = YES;
				CODE_SIGN_STYLE = Automatic;
				CURRENT_PROJECT_VERSION = 1;
				DEVELOPMENT_TEAM = CQKW5SV7PX;
				GENERATE_INFOPLIST_FILE = YES;
				MARKETING_VERSION = 1.0;
				PRODUCT_BUNDLE_IDENTIFIER = adm.GBShopUITests;
				PRODUCT_NAME = "$(TARGET_NAME)";
				SWIFT_EMIT_LOC_STRINGS = NO;
				SWIFT_VERSION = 5.0;
				TARGETED_DEVICE_FAMILY = "1,2";
				TEST_TARGET_NAME = GBShop;
			};
			name = Debug;
		};
		943C60F029F069DF003A65F6 /* Release */ = {
			isa = XCBuildConfiguration;
			buildSettings = {
				ALWAYS_EMBED_SWIFT_STANDARD_LIBRARIES = YES;
				CODE_SIGN_STYLE = Automatic;
				CURRENT_PROJECT_VERSION = 1;
				DEVELOPMENT_TEAM = CQKW5SV7PX;
				GENERATE_INFOPLIST_FILE = YES;
				MARKETING_VERSION = 1.0;
				PRODUCT_BUNDLE_IDENTIFIER = adm.GBShopUITests;
				PRODUCT_NAME = "$(TARGET_NAME)";
				SWIFT_EMIT_LOC_STRINGS = NO;
				SWIFT_VERSION = 5.0;
				TARGETED_DEVICE_FAMILY = "1,2";
				TEST_TARGET_NAME = GBShop;
			};
			name = Release;
		};
/* End XCBuildConfiguration section */

/* Begin XCConfigurationList section */
		943C60BF29F069D9003A65F6 /* Build configuration list for PBXProject "GBShop" */ = {
			isa = XCConfigurationList;
			buildConfigurations = (
				943C60E629F069DF003A65F6 /* Debug */,
				943C60E729F069DF003A65F6 /* Release */,
			);
			defaultConfigurationIsVisible = 0;
			defaultConfigurationName = Release;
		};
		943C60E829F069DF003A65F6 /* Build configuration list for PBXNativeTarget "GBShop" */ = {
			isa = XCConfigurationList;
			buildConfigurations = (
				943C60E929F069DF003A65F6 /* Debug */,
				943C60EA29F069DF003A65F6 /* Release */,
			);
			defaultConfigurationIsVisible = 0;
			defaultConfigurationName = Release;
		};
		943C60EB29F069DF003A65F6 /* Build configuration list for PBXNativeTarget "GBShopTests" */ = {
			isa = XCConfigurationList;
			buildConfigurations = (
				943C60EC29F069DF003A65F6 /* Debug */,
				943C60ED29F069DF003A65F6 /* Release */,
			);
			defaultConfigurationIsVisible = 0;
			defaultConfigurationName = Release;
		};
		943C60EE29F069DF003A65F6 /* Build configuration list for PBXNativeTarget "GBShopUITests" */ = {
			isa = XCConfigurationList;
			buildConfigurations = (
				943C60EF29F069DF003A65F6 /* Debug */,
				943C60F029F069DF003A65F6 /* Release */,
			);
			defaultConfigurationIsVisible = 0;
			defaultConfigurationName = Release;
		};
/* End XCConfigurationList section */
	};
	rootObject = 943C60BC29F069D9003A65F6 /* Project object */;
}
